
Microsoft Visual Studio Solution File, Format Version 12.00
# Visual Studio Version 17
VisualStudioVersion = 17.2.32630.192
MinimumVisualStudioVersion = 10.0.40219.1
Project("{FAE04EC0-301F-11D3-BF4B-00C04F79EFBC}") = "HomeWork01_1", "..\HomeWork01_1\HomeWork01_1\HomeWork01_1.csproj", "{B385B519-8CA1-42BA-B116-3E9048FA70F1}"
EndProject
Project("{FAE04EC0-301F-11D3-BF4B-00C04F79EFBC}") = "HomeWork01_2", "..\HomeWork01_2\HomeWork01_2\HomeWork01_2.csproj", "{C8CD0A45-CC81-4FD7-ACE2-300D720B4995}"
EndProject
Project("{FAE04EC0-301F-11D3-BF4B-00C04F79EFBC}") = "HomeWork01_3", "..\HomeWork01_3\HomeWork01_3\HomeWork01_3.csproj", "{94784AC6-215C-44B4-BEC1-06061DCAFF20}"
EndProject
Project("{FAE04EC0-301F-11D3-BF4B-00C04F79EFBC}") = "HomeWork01_4", "..\HomeWork01_4\HomeWork01_4\HomeWork01_4.csproj", "{9B671CB3-0D3A-40F8-A14F-BFDEDBF2885E}"
EndProject
Project("{FAE04EC0-301F-11D3-BF4B-00C04F79EFBC}") = "HomeWork01_5", "..\HomeWork01_5\HomeWork01_5\HomeWork01_5.csproj", "{0B0B3C59-1690-4F6D-AFC9-BC97B9273D98}"
EndProject
Global
	GlobalSection(SolutionConfigurationPlatforms) = preSolution
		Debug|Any CPU = Debug|Any CPU
		Release|Any CPU = Release|Any CPU
	EndGlobalSection
	GlobalSection(ProjectConfigurationPlatforms) = postSolution
		{B385B519-8CA1-42BA-B116-3E9048FA70F1}.Debug|Any CPU.ActiveCfg = Debug|Any CPU
		{B385B519-8CA1-42BA-B116-3E9048FA70F1}.Debug|Any CPU.Build.0 = Debug|Any CPU
		{B385B519-8CA1-42BA-B116-3E9048FA70F1}.Release|Any CPU.ActiveCfg = Release|Any CPU
		{B385B519-8CA1-42BA-B116-3E9048FA70F1}.Release|Any CPU.Build.0 = Release|Any CPU
		{C8CD0A45-CC81-4FD7-ACE2-300D720B4995}.Debug|Any CPU.ActiveCfg = Debug|Any CPU
		{C8CD0A45-CC81-4FD7-ACE2-300D720B4995}.Debug|Any CPU.Build.0 = Debug|Any CPU
		{C8CD0A45-CC81-4FD7-ACE2-300D720B4995}.Release|Any CPU.ActiveCfg = Release|Any CPU
		{C8CD0A45-CC81-4FD7-ACE2-300D720B4995}.Release|Any CPU.Build.0 = Release|Any CPU
		{94784AC6-215C-44B4-BEC1-06061DCAFF20}.Debug|Any CPU.ActiveCfg = Debug|Any CPU
		{94784AC6-215C-44B4-BEC1-06061DCAFF20}.Debug|Any CPU.Build.0 = Debug|Any CPU
		{94784AC6-215C-44B4-BEC1-06061DCAFF20}.Release|Any CPU.ActiveCfg = Release|Any CPU
		{94784AC6-215C-44B4-BEC1-06061DCAFF20}.Release|Any CPU.Build.0 = Release|Any CPU
		{9B671CB3-0D3A-40F8-A14F-BFDEDBF2885E}.Debug|Any CPU.ActiveCfg = Debug|Any CPU
		{9B671CB3-0D3A-40F8-A14F-BFDEDBF2885E}.Debug|Any CPU.Build.0 = Debug|Any CPU
		{9B671CB3-0D3A-40F8-A14F-BFDEDBF2885E}.Release|Any CPU.ActiveCfg = Release|Any CPU
		{9B671CB3-0D3A-40F8-A14F-BFDEDBF2885E}.Release|Any CPU.Build.0 = Release|Any CPU
		{0B0B3C59-1690-4F6D-AFC9-BC97B9273D98}.Debug|Any CPU.ActiveCfg = Debug|Any CPU
		{0B0B3C59-1690-4F6D-AFC9-BC97B9273D98}.Debug|Any CPU.Build.0 = Debug|Any CPU
		{0B0B3C59-1690-4F6D-AFC9-BC97B9273D98}.Release|Any CPU.ActiveCfg = Release|Any CPU
		{0B0B3C59-1690-4F6D-AFC9-BC97B9273D98}.Release|Any CPU.Build.0 = Release|Any CPU
	EndGlobalSection
	GlobalSection(SolutionProperties) = preSolution
		HideSolutionNode = FALSE
	EndGlobalSection
	GlobalSection(ExtensibilityGlobals) = postSolution
		SolutionGuid = {09492111-36E4-4904-84FD-83E482F19C1E}
	EndGlobalSection
EndGlobal
